
Microsoft Visual Studio Solution File, Format Version 12.00
# Visual Studio 15
VisualStudioVersion = 15.0.27703.2042
MinimumVisualStudioVersion = 10.0.40219.1
Project("{FAE04EC0-301F-11D3-BF4B-00C04F79EFBC}") = "Samples.WebApp", "Samples.WebApp\Samples.WebApp.csproj", "{3D3057F0-E64F-40E8-89B9-42436B4EA8DB}"
EndProject
Global
	GlobalSection(SolutionConfigurationPlatforms) = preSolution
		Debug|Any CPU = Debug|Any CPU
		Release|Any CPU = Release|Any CPU
	EndGlobalSection
	GlobalSection(ProjectConfigurationPlatforms) = postSolution
		{3D3057F0-E64F-40E8-89B9-42436B4EA8DB}.Debug|Any CPU.ActiveCfg = Debug|Any CPU
		{3D3057F0-E64F-40E8-89B9-42436B4EA8DB}.Debug|Any CPU.Build.0 = Debug|Any CPU
		{3D3057F0-E64F-40E8-89B9-42436B4EA8DB}.Release|Any CPU.ActiveCfg = Release|Any CPU
		{3D3057F0-E64F-40E8-89B9-42436B4EA8DB}.Release|Any CPU.Build.0 = Release|Any CPU
	EndGlobalSection
	GlobalSection(SolutionProperties) = preSolution
		HideSolutionNode = FALSE
	EndGlobalSection
	GlobalSection(ExtensibilityGlobals) = postSolution
		SolutionGuid = {7257E95D-07B1-421F-A223-5F2D96B0AA8A}
	EndGlobalSection
EndGlobal
